
Microsoft Visual Studio Solution File, Format Version 12.00
# Visual Studio 15
VisualStudioVersion = 15.0.26124.0
MinimumVisualStudioVersion = 15.0.26124.0
Project("{9A19103F-16F7-4668-BE54-9A1E7A4F7556}") = "NameSorter", "NameSorter\NameSorter.csproj", "{1EC57CFD-CEDB-496C-A499-F24177B3B846}"
EndProject
Global
	GlobalSection(SolutionConfigurationPlatforms) = preSolution
		Debug|Any CPU = Debug|Any CPU
		Debug|x64 = Debug|x64
		Debug|x86 = Debug|x86
		Release|Any CPU = Release|Any CPU
		Release|x64 = Release|x64
		Release|x86 = Release|x86
	EndGlobalSection
	GlobalSection(ProjectConfigurationPlatforms) = postSolution
		{1EC57CFD-CEDB-496C-A499-F24177B3B846}.Debug|Any CPU.ActiveCfg = Debug|Any CPU
		{1EC57CFD-CEDB-496C-A499-F24177B3B846}.Debug|Any CPU.Build.0 = Debug|Any CPU
		{1EC57CFD-CEDB-496C-A499-F24177B3B846}.Debug|x64.ActiveCfg = Debug|Any CPU
		{1EC57CFD-CEDB-496C-A499-F24177B3B846}.Debug|x64.Build.0 = Debug|Any CPU
		{1EC57CFD-CEDB-496C-A499-F24177B3B846}.Debug|x86.ActiveCfg = Debug|Any CPU
		{1EC57CFD-CEDB-496C-A499-F24177B3B846}.Debug|x86.Build.0 = Debug|Any CPU
		{1EC57CFD-CEDB-496C-A499-F24177B3B846}.Release|Any CPU.ActiveCfg = Release|Any CPU
		{1EC57CFD-CEDB-496C-A499-F24177B3B846}.Release|Any CPU.Build.0 = Release|Any CPU
		{1EC57CFD-CEDB-496C-A499-F24177B3B846}.Release|x64.ActiveCfg = Release|Any CPU
		{1EC57CFD-CEDB-496C-A499-F24177B3B846}.Release|x64.Build.0 = Release|Any CPU
		{1EC57CFD-CEDB-496C-A499-F24177B3B846}.Release|x86.ActiveCfg = Release|Any CPU
		{1EC57CFD-CEDB-496C-A499-F24177B3B846}.Release|x86.Build.0 = Release|Any CPU
	EndGlobalSection
	GlobalSection(SolutionProperties) = preSolution
		HideSolutionNode = FALSE
	EndGlobalSection
	GlobalSection(ExtensibilityGlobals) = postSolution
		SolutionGuid = {053733F7-DFBA-4280-974C-B60054C031F3}
	EndGlobalSection
EndGlobal
